
Microsoft Visual Studio Solution File, Format Version 12.00
# Visual Studio Version 17
VisualStudioVersion = 17.5.33516.290
MinimumVisualStudioVersion = 10.0.40219.1
Project("{FAE04EC0-301F-11D3-BF4B-00C04F79EFBC}") = "ExelSolution", "ExelSolution\ExelSolution.csproj", "{DAD001D7-EBCB-4CD3-B53A-34C4BF93437A}"
EndProject
Global
	GlobalSection(SolutionConfigurationPlatforms) = preSolution
		Debug|Any CPU = Debug|Any CPU
		Release|Any CPU = Release|Any CPU
	EndGlobalSection
	GlobalSection(ProjectConfigurationPlatforms) = postSolution
		{DAD001D7-EBCB-4CD3-B53A-34C4BF93437A}.Debug|Any CPU.ActiveCfg = Debug|Any CPU
		{DAD001D7-EBCB-4CD3-B53A-34C4BF93437A}.Debug|Any CPU.Build.0 = Debug|Any CPU
		{DAD001D7-EBCB-4CD3-B53A-34C4BF93437A}.Release|Any CPU.ActiveCfg = Release|Any CPU
		{DAD001D7-EBCB-4CD3-B53A-34C4BF93437A}.Release|Any CPU.Build.0 = Release|Any CPU
	EndGlobalSection
	GlobalSection(SolutionProperties) = preSolution
		HideSolutionNode = FALSE
	EndGlobalSection
	GlobalSection(ExtensibilityGlobals) = postSolution
		SolutionGuid = {E2BBC02D-9B10-420A-87A4-4369E8301F1F}
	EndGlobalSection
EndGlobal
