
Microsoft Visual Studio Solution File, Format Version 12.00
# Visual Studio Version 17
VisualStudioVersion = 17.4.33213.308
MinimumVisualStudioVersion = 10.0.40219.1
Project("{FAE04EC0-301F-11D3-BF4B-00C04F79EFBC}") = "classWork", "classWork\classWork.csproj", "{A07396C9-726D-4D0B-B869-A3710CEDABB4}"
EndProject
Global
	GlobalSection(SolutionConfigurationPlatforms) = preSolution
		Debug|Any CPU = Debug|Any CPU
		Release|Any CPU = Release|Any CPU
	EndGlobalSection
	GlobalSection(ProjectConfigurationPlatforms) = postSolution
		{A07396C9-726D-4D0B-B869-A3710CEDABB4}.Debug|Any CPU.ActiveCfg = Debug|Any CPU
		{A07396C9-726D-4D0B-B869-A3710CEDABB4}.Debug|Any CPU.Build.0 = Debug|Any CPU
		{A07396C9-726D-4D0B-B869-A3710CEDABB4}.Release|Any CPU.ActiveCfg = Release|Any CPU
		{A07396C9-726D-4D0B-B869-A3710CEDABB4}.Release|Any CPU.Build.0 = Release|Any CPU
	EndGlobalSection
	GlobalSection(SolutionProperties) = preSolution
		HideSolutionNode = FALSE
	EndGlobalSection
	GlobalSection(ExtensibilityGlobals) = postSolution
		SolutionGuid = {C9699B95-C44F-4EAB-9EAD-CA952832811D}
	EndGlobalSection
EndGlobal
