
Microsoft Visual Studio Solution File, Format Version 12.00
# Visual Studio Version 17
VisualStudioVersion = 17.5.33516.290
MinimumVisualStudioVersion = 10.0.40219.1
Project("{FAE04EC0-301F-11D3-BF4B-00C04F79EFBC}") = "Chibibsov_Lab6_files", "Chibibsov_Lab6_files\Chibibsov_Lab6_files.csproj", "{1ECE4C63-7A66-45A5-AB90-F8A7DFD41A4F}"
EndProject
Global
	GlobalSection(SolutionConfigurationPlatforms) = preSolution
		Debug|Any CPU = Debug|Any CPU
		Release|Any CPU = Release|Any CPU
	EndGlobalSection
	GlobalSection(ProjectConfigurationPlatforms) = postSolution
		{1ECE4C63-7A66-45A5-AB90-F8A7DFD41A4F}.Debug|Any CPU.ActiveCfg = Debug|Any CPU
		{1ECE4C63-7A66-45A5-AB90-F8A7DFD41A4F}.Debug|Any CPU.Build.0 = Debug|Any CPU
		{1ECE4C63-7A66-45A5-AB90-F8A7DFD41A4F}.Release|Any CPU.ActiveCfg = Release|Any CPU
		{1ECE4C63-7A66-45A5-AB90-F8A7DFD41A4F}.Release|Any CPU.Build.0 = Release|Any CPU
	EndGlobalSection
	GlobalSection(SolutionProperties) = preSolution
		HideSolutionNode = FALSE
	EndGlobalSection
	GlobalSection(ExtensibilityGlobals) = postSolution
		SolutionGuid = {61164C93-34C4-44D3-B8E8-37AB2D354994}
	EndGlobalSection
EndGlobal
